
Microsoft Visual Studio Solution File, Format Version 12.00
# Visual Studio Version 17
VisualStudioVersion = 17.0.31903.59
MinimumVisualStudioVersion = 10.0.40219.1
Project("{2150E333-8FDC-42A3-9474-1A3956D46DE8}") = "src", "src", "{827E0CD3-B72D-47B6-A68D-7590B98EB39B}"
EndProject
Project("{FAE04EC0-301F-11D3-BF4B-00C04F79EFBC}") = "Carmen.Domain", "src\Carmen.Domain\Carmen.Domain.csproj", "{AAB308C5-8CF7-42EC-B225-35B6CF4CB2D7}"
EndProject
Project("{FAE04EC0-301F-11D3-BF4B-00C04F79EFBC}") = "Carmen.Application", "src\Carmen.Application\Carmen.Application.csproj", "{839BA254-0026-47D7-8B62-A70E1276F2D9}"
EndProject
Project("{FAE04EC0-301F-11D3-BF4B-00C04F79EFBC}") = "Carmen.Infrastructure", "src\Carmen.Infrastructure\Carmen.Infrastructure.csproj", "{531C9F6A-B933-41BC-857C-CCFADFD7BCA3}"
EndProject
Project("{FAE04EC0-301F-11D3-BF4B-00C04F79EFBC}") = "Carmen.WebApi", "src\Carmen.WebApi\Carmen.WebApi.csproj", "{E9831BE6-992B-4C91-920D-AFF0B451637E}"
EndProject
Project("{2150E333-8FDC-42A3-9474-1A3956D46DE8}") = "tests", "tests", "{8A1E5B3C-4D2F-4E6A-B7C8-D9E0F1A2B3C4}"
EndProject
Project("{FAE04EC0-301F-11D3-BF4B-00C04F79EFBC}") = "Carmen.TestCommon", "tests\Carmen.TestCommon\Carmen.TestCommon.csproj", "{A1B2C3D4-E5F6-4A7B-8C9D-0E1F2A3B4C5D}"
EndProject
Project("{FAE04EC0-301F-11D3-BF4B-00C04F79EFBC}") = "Carmen.Infrastructure.Tests", "tests\Carmen.Infrastructure.Tests\Carmen.Infrastructure.Tests.csproj", "{B2C3D4E5-F6A7-4B8C-9D0E-1F2A3B4C5D6E}"
EndProject
Project("{FAE04EC0-301F-11D3-BF4B-00C04F79EFBC}") = "Carmen.WebApi.Tests", "tests\Carmen.WebApi.Tests\Carmen.WebApi.Tests.csproj", "{C3D4E5F6-A7B8-4C9D-0E1F-2A3B4C5D6E7F}"
EndProject
Global
	GlobalSection(SolutionConfigurationPlatforms) = preSolution
		Debug|Any CPU = Debug|Any CPU
		Debug|x64 = Debug|x64
		Debug|x86 = Debug|x86
		Release|Any CPU = Release|Any CPU
		Release|x64 = Release|x64
		Release|x86 = Release|x86
	EndGlobalSection
	GlobalSection(ProjectConfigurationPlatforms) = postSolution
		{AAB308C5-8CF7-42EC-B225-35B6CF4CB2D7}.Debug|Any CPU.ActiveCfg = Debug|Any CPU
		{AAB308C5-8CF7-42EC-B225-35B6CF4CB2D7}.Debug|Any CPU.Build.0 = Debug|Any CPU
		{AAB308C5-8CF7-42EC-B225-35B6CF4CB2D7}.Debug|x64.ActiveCfg = Debug|Any CPU
		{AAB308C5-8CF7-42EC-B225-35B6CF4CB2D7}.Debug|x64.Build.0 = Debug|Any CPU
		{AAB308C5-8CF7-42EC-B225-35B6CF4CB2D7}.Debug|x86.ActiveCfg = Debug|Any CPU
		{AAB308C5-8CF7-42EC-B225-35B6CF4CB2D7}.Debug|x86.Build.0 = Debug|Any CPU
		{AAB308C5-8CF7-42EC-B225-35B6CF4CB2D7}.Release|Any CPU.ActiveCfg = Release|Any CPU
		{AAB308C5-8CF7-42EC-B225-35B6CF4CB2D7}.Release|Any CPU.Build.0 = Release|Any CPU
		{AAB308C5-8CF7-42EC-B225-35B6CF4CB2D7}.Release|x64.ActiveCfg = Release|Any CPU
		{AAB308C5-8CF7-42EC-B225-35B6CF4CB2D7}.Release|x64.Build.0 = Release|Any CPU
		{AAB308C5-8CF7-42EC-B225-35B6CF4CB2D7}.Release|x86.ActiveCfg = Release|Any CPU
		{AAB308C5-8CF7-42EC-B225-35B6CF4CB2D7}.Release|x86.Build.0 = Release|Any CPU
		{839BA254-0026-47D7-8B62-A70E1276F2D9}.Debug|Any CPU.ActiveCfg = Debug|Any CPU
		{839BA254-0026-47D7-8B62-A70E1276F2D9}.Debug|Any CPU.Build.0 = Debug|Any CPU
		{839BA254-0026-47D7-8B62-A70E1276F2D9}.Debug|x64.ActiveCfg = Debug|Any CPU
		{839BA254-0026-47D7-8B62-A70E1276F2D9}.Debug|x64.Build.0 = Debug|Any CPU
		{839BA254-0026-47D7-8B62-A70E1276F2D9}.Debug|x86.ActiveCfg = Debug|Any CPU
		{839BA254-0026-47D7-8B62-A70E1276F2D9}.Debug|x86.Build.0 = Debug|Any CPU
		{839BA254-0026-47D7-8B62-A70E1276F2D9}.Release|Any CPU.ActiveCfg = Release|Any CPU
		{839BA254-0026-47D7-8B62-A70E1276F2D9}.Release|Any CPU.Build.0 = Release|Any CPU
		{839BA254-0026-47D7-8B62-A70E1276F2D9}.Release|x64.ActiveCfg = Release|Any CPU
		{839BA254-0026-47D7-8B62-A70E1276F2D9}.Release|x64.Build.0 = Release|Any CPU
		{839BA254-0026-47D7-8B62-A70E1276F2D9}.Release|x86.ActiveCfg = Release|Any CPU
		{839BA254-0026-47D7-8B62-A70E1276F2D9}.Release|x86.Build.0 = Release|Any CPU
		{531C9F6A-B933-41BC-857C-CCFADFD7BCA3}.Debug|Any CPU.ActiveCfg = Debug|Any CPU
		{531C9F6A-B933-41BC-857C-CCFADFD7BCA3}.Debug|Any CPU.Build.0 = Debug|Any CPU
		{531C9F6A-B933-41BC-857C-CCFADFD7BCA3}.Debug|x64.ActiveCfg = Debug|Any CPU
		{531C9F6A-B933-41BC-857C-CCFADFD7BCA3}.Debug|x64.Build.0 = Debug|Any CPU
		{531C9F6A-B933-41BC-857C-CCFADFD7BCA3}.Debug|x86.ActiveCfg = Debug|Any CPU
		{531C9F6A-B933-41BC-857C-CCFADFD7BCA3}.Debug|x86.Build.0 = Debug|Any CPU
		{531C9F6A-B933-41BC-857C-CCFADFD7BCA3}.Release|Any CPU.ActiveCfg = Release|Any CPU
		{531C9F6A-B933-41BC-857C-CCFADFD7BCA3}.Release|Any CPU.Build.0 = Release|Any CPU
		{531C9F6A-B933-41BC-857C-CCFADFD7BCA3}.Release|x64.ActiveCfg = Release|Any CPU
		{531C9F6A-B933-41BC-857C-CCFADFD7BCA3}.Release|x64.Build.0 = Release|Any CPU
		{531C9F6A-B933-41BC-857C-CCFADFD7BCA3}.Release|x86.ActiveCfg = Release|Any CPU
		{531C9F6A-B933-41BC-857C-CCFADFD7BCA3}.Release|x86.Build.0 = Release|Any CPU
		{E9831BE6-992B-4C91-920D-AFF0B451637E}.Debug|Any CPU.ActiveCfg = Debug|Any CPU
		{E9831BE6-992B-4C91-920D-AFF0B451637E}.Debug|Any CPU.Build.0 = Debug|Any CPU
		{E9831BE6-992B-4C91-920D-AFF0B451637E}.Debug|x64.ActiveCfg = Debug|Any CPU
		{E9831BE6-992B-4C91-920D-AFF0B451637E}.Debug|x64.Build.0 = Debug|Any CPU
		{E9831BE6-992B-4C91-920D-AFF0B451637E}.Debug|x86.ActiveCfg = Debug|Any CPU
		{E9831BE6-992B-4C91-920D-AFF0B451637E}.Debug|x86.Build.0 = Debug|Any CPU
		{E9831BE6-992B-4C91-920D-AFF0B451637E}.Release|Any CPU.ActiveCfg = Release|Any CPU
		{E9831BE6-992B-4C91-920D-AFF0B451637E}.Release|Any CPU.Build.0 = Release|Any CPU
		{E9831BE6-992B-4C91-920D-AFF0B451637E}.Release|x64.ActiveCfg = Release|Any CPU
		{E9831BE6-992B-4C91-920D-AFF0B451637E}.Release|x64.Build.0 = Release|Any CPU
		{E9831BE6-992B-4C91-920D-AFF0B451637E}.Release|x86.ActiveCfg = Release|Any CPU
		{E9831BE6-992B-4C91-920D-AFF0B451637E}.Release|x86.Build.0 = Release|Any CPU
		{A1B2C3D4-E5F6-4A7B-8C9D-0E1F2A3B4C5D}.Debug|Any CPU.ActiveCfg = Debug|Any CPU
		{A1B2C3D4-E5F6-4A7B-8C9D-0E1F2A3B4C5D}.Debug|Any CPU.Build.0 = Debug|Any CPU
		{A1B2C3D4-E5F6-4A7B-8C9D-0E1F2A3B4C5D}.Debug|x64.ActiveCfg = Debug|Any CPU
		{A1B2C3D4-E5F6-4A7B-8C9D-0E1F2A3B4C5D}.Debug|x64.Build.0 = Debug|Any CPU
		{A1B2C3D4-E5F6-4A7B-8C9D-0E1F2A3B4C5D}.Debug|x86.ActiveCfg = Debug|Any CPU
		{A1B2C3D4-E5F6-4A7B-8C9D-0E1F2A3B4C5D}.Debug|x86.Build.0 = Debug|Any CPU
		{A1B2C3D4-E5F6-4A7B-8C9D-0E1F2A3B4C5D}.Release|Any CPU.ActiveCfg = Release|Any CPU
		{A1B2C3D4-E5F6-4A7B-8C9D-0E1F2A3B4C5D}.Release|Any CPU.Build.0 = Release|Any CPU
		{A1B2C3D4-E5F6-4A7B-8C9D-0E1F2A3B4C5D}.Release|x64.ActiveCfg = Release|Any CPU
		{A1B2C3D4-E5F6-4A7B-8C9D-0E1F2A3B4C5D}.Release|x64.Build.0 = Release|Any CPU
		{A1B2C3D4-E5F6-4A7B-8C9D-0E1F2A3B4C5D}.Release|x86.ActiveCfg = Release|Any CPU
		{A1B2C3D4-E5F6-4A7B-8C9D-0E1F2A3B4C5D}.Release|x86.Build.0 = Release|Any CPU
		{B2C3D4E5-F6A7-4B8C-9D0E-1F2A3B4C5D6E}.Debug|Any CPU.ActiveCfg = Debug|Any CPU
		{B2C3D4E5-F6A7-4B8C-9D0E-1F2A3B4C5D6E}.Debug|Any CPU.Build.0 = Debug|Any CPU
		{B2C3D4E5-F6A7-4B8C-9D0E-1F2A3B4C5D6E}.Debug|x64.ActiveCfg = Debug|Any CPU
		{B2C3D4E5-F6A7-4B8C-9D0E-1F2A3B4C5D6E}.Debug|x64.Build.0 = Debug|Any CPU
		{B2C3D4E5-F6A7-4B8C-9D0E-1F2A3B4C5D6E}.Debug|x86.ActiveCfg = Debug|Any CPU
		{B2C3D4E5-F6A7-4B8C-9D0E-1F2A3B4C5D6E}.Debug|x86.Build.0 = Debug|Any CPU
		{B2C3D4E5-F6A7-4B8C-9D0E-1F2A3B4C5D6E}.Release|Any CPU.ActiveCfg = Release|Any CPU
		{B2C3D4E5-F6A7-4B8C-9D0E-1F2A3B4C5D6E}.Release|Any CPU.Build.0 = Release|Any CPU
		{B2C3D4E5-F6A7-4B8C-9D0E-1F2A3B4C5D6E}.Release|x64.ActiveCfg = Release|Any CPU
		{B2C3D4E5-F6A7-4B8C-9D0E-1F2A3B4C5D6E}.Release|x64.Build.0 = Release|Any CPU
		{B2C3D4E5-F6A7-4B8C-9D0E-1F2A3B4C5D6E}.Release|x86.ActiveCfg = Release|Any CPU
		{B2C3D4E5-F6A7-4B8C-9D0E-1F2A3B4C5D6E}.Release|x86.Build.0 = Release|Any CPU
		{C3D4E5F6-A7B8-4C9D-0E1F-2A3B4C5D6E7F}.Debug|Any CPU.ActiveCfg = Debug|Any CPU
		{C3D4E5F6-A7B8-4C9D-0E1F-2A3B4C5D6E7F}.Debug|Any CPU.Build.0 = Debug|Any CPU
		{C3D4E5F6-A7B8-4C9D-0E1F-2A3B4C5D6E7F}.Debug|x64.ActiveCfg = Debug|Any CPU
		{C3D4E5F6-A7B8-4C9D-0E1F-2A3B4C5D6E7F}.Debug|x64.Build.0 = Debug|Any CPU
		{C3D4E5F6-A7B8-4C9D-0E1F-2A3B4C5D6E7F}.Debug|x86.ActiveCfg = Debug|Any CPU
		{C3D4E5F6-A7B8-4C9D-0E1F-2A3B4C5D6E7F}.Debug|x86.Build.0 = Debug|Any CPU
		{C3D4E5F6-A7B8-4C9D-0E1F-2A3B4C5D6E7F}.Release|Any CPU.ActiveCfg = Release|Any CPU
		{C3D4E5F6-A7B8-4C9D-0E1F-2A3B4C5D6E7F}.Release|Any CPU.Build.0 = Release|Any CPU
		{C3D4E5F6-A7B8-4C9D-0E1F-2A3B4C5D6E7F}.Release|x64.ActiveCfg = Release|Any CPU
		{C3D4E5F6-A7B8-4C9D-0E1F-2A3B4C5D6E7F}.Release|x64.Build.0 = Release|Any CPU
		{C3D4E5F6-A7B8-4C9D-0E1F-2A3B4C5D6E7F}.Release|x86.ActiveCfg = Release|Any CPU
		{C3D4E5F6-A7B8-4C9D-0E1F-2A3B4C5D6E7F}.Release|x86.Build.0 = Release|Any CPU
	EndGlobalSection
	GlobalSection(SolutionProperties) = preSolution
		HideSolutionNode = FALSE
	EndGlobalSection
	GlobalSection(NestedProjects) = preSolution
		{AAB308C5-8CF7-42EC-B225-35B6CF4CB2D7} = {827E0CD3-B72D-47B6-A68D-7590B98EB39B}
		{839BA254-0026-47D7-8B62-A70E1276F2D9} = {827E0CD3-B72D-47B6-A68D-7590B98EB39B}
		{531C9F6A-B933-41BC-857C-CCFADFD7BCA3} = {827E0CD3-B72D-47B6-A68D-7590B98EB39B}
		{E9831BE6-992B-4C91-920D-AFF0B451637E} = {827E0CD3-B72D-47B6-A68D-7590B98EB39B}
		{A1B2C3D4-E5F6-4A7B-8C9D-0E1F2A3B4C5D} = {8A1E5B3C-4D2F-4E6A-B7C8-D9E0F1A2B3C4}
		{B2C3D4E5-F6A7-4B8C-9D0E-1F2A3B4C5D6E} = {8A1E5B3C-4D2F-4E6A-B7C8-D9E0F1A2B3C4}
		{C3D4E5F6-A7B8-4C9D-0E1F-2A3B4C5D6E7F} = {8A1E5B3C-4D2F-4E6A-B7C8-D9E0F1A2B3C4}
	EndGlobalSection
EndGlobal
